// !$*UTF8*$!
{
	archiveVersion = 1;
	classes = {
	};
	objectVersion = 48;
	objects = {

/* Begin PBXBuildFile section */
		FF929E601F90E1F4007C8670 /* AppDelegate.swift in Sources */ = {isa = PBXBuildFile; fileRef = FF929E5F1F90E1F4007C8670 /* AppDelegate.swift */; };
		FF929E621F90E1F4007C8670 /* ViewController.swift in Sources */ = {isa = PBXBuildFile; fileRef = FF929E611F90E1F4007C8670 /* ViewController.swift */; };
		FF929E651F90E1F4007C8670 /* Main.storyboard in Resources */ = {isa = PBXBuildFile; fileRef = FF929E631F90E1F4007C8670 /* Main.storyboard */; };
		FF929E671F90E1F4007C8670 /* Assets.xcassets in Resources */ = {isa = PBXBuildFile; fileRef = FF929E661F90E1F4007C8670 /* Assets.xcassets */; };
		FF929E6A1F90E1F4007C8670 /* LaunchScreen.storyboard in Resources */ = {isa = PBXBuildFile; fileRef = FF929E681F90E1F4007C8670 /* LaunchScreen.storyboard */; };
/* End PBXBuildFile section */

/* Begin PBXFileReference section */
		FF929E5C1F90E1F4007C8670 /* MyFirstCoddingAPP.app */ = {isa = PBXFileReference; explicitFileType = wrapper.application; includeInIndex = 0; path = MyFirstCoddingAPP.app; sourceTree = BUILT_PRODUCTS_DIR; };
		FF929E5F1F90E1F4007C8670 /* AppDelegate.swift */ = {isa = PBXFileReference; lastKnownFileType = sourcecode.swift; path = AppDelegate.swift; sourceTree = "<group>"; };
		FF929E611F90E1F4007C8670 /* ViewController.swift */ = {isa = PBXFileReference; lastKnownFileType = sourcecode.swift; path = ViewController.swift; sourceTree = "<group>"; };
		FF929E641F90E1F4007C8670 /* Base */ = {isa = PBXFileReference; lastKnownFileType = file.storyboard; name = Base; path = Base.lproj/Main.storyboard; sourceTree = "<group>"; };
		FF929E661F90E1F4007C8670 /* Assets.xcassets */ = {isa = PBXFileReference; lastKnownFileType = folder.assetcatalog; path = Assets.xcassets; sourceTree = "<group>"; };
		FF929E691F90E1F4007C8670 /* Base */ = {isa = PBXFileReference; lastKnownFileType = file.storyboard; name = Base; path = Base.lproj/LaunchScreen.storyboard; sourceTree = "<group>"; };
		FF929E6B1F90E1F5007C8670 /* Info.plist */ = {isa = PBXFileReference; lastKnownFileType = text.plist.xml; path = Info.plist; sourceTree = "<group>"; };
/* End PBXFileReference section */

/* Begin PBXFrameworksBuildPhase section */
		FF929E591F90E1F4007C8670 /* Frameworks */ = {
			isa = PBXFrameworksBuildPhase;
			buildActionMask = 2147483647;
			files = (
			);
			runOnlyForDeploymentPostprocessing = 0;
		};
/* End PBXFrameworksBuildPhase section */

/* Begin PBXGroup section */
		FF929E531F90E1F4007C8670 = {
			isa = PBXGroup;
			children = (
				FF929E5E1F90E1F4007C8670 /* MyFirstCoddingAPP */,
				FF929E5D1F90E1F4007C8670 /* Products */,
			);
			sourceTree = "<group>";
		};
		FF929E5D1F90E1F4007C8670 /* Products */ = {
			isa = PBXGroup;
			children = (
				FF929E5C1F90E1F4007C8670 /* MyFirstCoddingAPP.app */,
			);
			name = Products;
			sourceTree = "<group>";
		};
		FF929E5E1F90E1F4007C8670 /* MyFirstCoddingAPP */ = {
			isa = PBXGroup;
			children = (
				FF929E5F1F90E1F4007C8670 /* AppDelegate.swift */,
				FF929E611F90E1F4007C8670 /* ViewController.swift */,
				FF929E631F90E1F4007C8670 /* Main.storyboard */,
				FF929E661F90E1F4007C8670 /* Assets.xcassets */,
				FF929E681F90E1F4007C8670 /* LaunchScreen.storyboard */,
				FF929E6B1F90E1F5007C8670 /* Info.plist */,
			);
			path = MyFirstCoddingAPP;
			sourceTree = "<group>";
		};
/* End PBXGroup section */

/* Begin PBXNativeTarget section */
		FF929E5B1F90E1F4007C8670 /* MyFirstCoddingAPP */ = {
			isa = PBXNativeTarget;
			buildConfigurationList = FF929E6E1F90E1F5007C8670 /* Build configuration list for PBXNativeTarget "MyFirstCoddingAPP" */;
			buildPhases = (
				FF929E581F90E1F4007C8670 /* Sources */,
				FF929E591F90E1F4007C8670 /* Frameworks */,
				FF929E5A1F90E1F4007C8670 /* Resources */,
			);
			buildRules = (
			);
			dependencies = (
			);
			name = MyFirstCoddingAPP;
			productName = MyFirstCoddingAPP;
			productReference = FF929E5C1F90E1F4007C8670 /* MyFirstCoddingAPP.app */;
			productType = "com.apple.product-type.application";
		};
/* End PBXNativeTarget section */

/* Begin PBXProject section */
		FF929E541F90E1F4007C8670 /* Project object */ = {
			isa = PBXProject;
			attributes = {
				LastSwiftUpdateCheck = 0900;
				LastUpgradeCheck = 0900;
				ORGANIZATIONNAME = "Ivan Sapiga";
				TargetAttributes = {
					FF929E5B1F90E1F4007C8670 = {
						CreatedOnToolsVersion = 9.0;
						ProvisioningStyle = Automatic;
					};
				};
			};
			buildConfigurationList = FF929E571F90E1F4007C8670 /* Build configuration list for PBXProject "MyFirstCoddingAPP" */;
			compatibilityVersion = "Xcode 8.0";
			developmentRegion = en;
			hasScannedForEncodings = 0;
			knownRegions = (
				en,
				Base,
			);
			mainGroup = FF929E531F90E1F4007C8670;
			productRefGroup = FF929E5D1F90E1F4007C8670 /* Products */;
			projectDirPath = "";
			projectRoot = "";
			targets = (
				FF929E5B1F90E1F4007C8670 /* MyFirstCoddingAPP */,
			);
		};
/* End PBXProject section */

/* Begin PBXResourcesBuildPhase section */
		FF929E5A1F90E1F4007C8670 /* Resources */ = {
			isa = PBXResourcesBuildPhase;
			buildActionMask = 2147483647;
			files = (
				FF929E6A1F90E1F4007C8670 /* LaunchScreen.storyboard in Resources */,
				FF929E671F90E1F4007C8670 /* Assets.xcassets in Resources */,
				FF929E651F90E1F4007C8670 /* Main.storyboard in Resources */,
			);
			runOnlyForDeploymentPostprocessing = 0;
		};
/* End PBXResourcesBuildPhase section */

/* Begin PBXSourcesBuildPhase section */
		FF929E581F90E1F4007C8670 /* Sources */ = {
			isa = PBXSourcesBuildPhase;
			buildActionMask = 2147483647;
			files = (
				FF929E621F90E1F4007C8670 /* ViewController.swift in Sources */,
				FF929E601F90E1F4007C8670 /* AppDelegate.swift in Sources */,
			);
			runOnlyForDeploymentPostprocessing = 0;
		};
/* End PBXSourcesBuildPhase section */

/* Begin PBXVariantGroup section */
		FF929E631F90E1F4007C8670 /* Main.storyboard */ = {
			isa = PBXVariantGroup;
			children = (
				FF929E641F90E1F4007C8670 /* Base */,
			);
			name = Main.storyboard;
			sourceTree = "<group>";
		};
		FF929E681F90E1F4007C8670 /* LaunchScreen.storyboard */ = {
			isa = PBXVariantGroup;
			children = (
				FF929E691F90E1F4007C8670 /* Base */,
			);
			name = LaunchScreen.storyboard;
			sourceTree = "<group>";
		};
/* End PBXVariantGroup section */

/* Begin XCBuildConfiguration section */
		FF929E6C1F90E1F5007C8670 /* Debug */ = {
			isa = XCBuildConfiguration;
			buildSettings = {
				ALWAYS_SEARCH_USER_PATHS = NO;
				CLANG_ANALYZER_NONNULL = YES;
				CLANG_ANALYZER_NUMBER_OBJECT_CONVERSION = YES_AGGRESSIVE;
				CLANG_CXX_LANGUAGE_STANDARD = "gnu++14";
				CLANG_CXX_LIBRARY = "libc++";
				CLANG_ENABLE_MODULES = YES;
				CLANG_ENABLE_OBJC_ARC = YES;
				CLANG_WARN_BLOCK_CAPTURE_AUTORELEASING = YES;
				CLANG_WARN_BOOL_CONVERSION = YES;
				CLANG_WARN_COMMA = YES;
				CLANG_WARN_CONSTANT_CONVERSION = YES;
				CLANG_WARN_DIRECT_OBJC_ISA_USAGE = YES_ERROR;
				CLANG_WARN_DOCUMENTATION_COMMENTS = YES;
				CLANG_WARN_EMPTY_BODY = YES;
				CLANG_WARN_ENUM_CONVERSION = YES;
				CLANG_WARN_INFINITE_RECURSION = YES;
				CLANG_WARN_INT_CONVERSION = YES;
				CLANG_WARN_NON_LITERAL_NULL_CONVERSION = YES;
				CLANG_WARN_OBJC_LITERAL_CONVERSION = YES;
				CLANG_WARN_OBJC_ROOT_CLASS = YES_ERROR;
				CLANG_WARN_RANGE_LOOP_ANALYSIS = YES;
				CLANG_WARN_STRICT_PROTOTYPES = YES;
				CLANG_WARN_SUSPICIOUS_MOVE = YES;
				CLANG_WARN_UNGUARDED_AVAILABILITY = YES_AGGRESSIVE;
				CLANG_WARN_UNREACHABLE_CODE = YES;
				CLANG_WARN__DUPLICATE_METHOD_MATCH = YES;
				CODE_SIGN_IDENTITY = "iPhone Developer";
				COPY_PHASE_STRIP = NO;
				DEBUG_INFORMATION_FORMAT = dwarf;
				ENABLE_STRICT_OBJC_MSGSEND = YES;
				ENABLE_TESTABILITY = YES;
				GCC_C_LANGUAGE_STANDARD = gnu11;
				GCC_DYNAMIC_NO_PIC = NO;
				GCC_NO_COMMON_BLOCKS = YES;
				GCC_OPTIMIZATION_LEVEL = 0;
				GCC_PREPROCESSOR_DEFINITIONS = (
					"DEBUG=1",
					"$(inherited)",
				);
				GCC_WARN_64_TO_32_BIT_CONVERSION = YES;
				GCC_WARN_ABOUT_RETURN_TYPE = YES_ERROR;
				GCC_WARN_UNDECLARED_SELECTOR = YES;
				GCC_WARN_UNINITIALIZED_AUTOS = YES_AGGRESSIVE;
				GCC_WARN_UNUSED_FUNCTION = YES;
				GCC_WARN_UNUSED_VARIABLE = YES;
				IPHONEOS_DEPLOYMENT_TARGET = 11.0;
				MTL_ENABLE_DEBUG_INFO = YES;
				ONLY_ACTIVE_ARCH = YES;
				SDKROOT = iphoneos;
				SWIFT_ACTIVE_COMPILATION_CONDITIONS = DEBUG;
				SWIFT_OPTIMIZATION_LEVEL = "-Onone";
			};
			name = Debug;
		};
		FF929E6D1F90E1F5007C8670 /* Release */ = {
			isa = XCBuildConfiguration;
			buildSettings = {
				ALWAYS_SEARCH_USER_PATHS = NO;
				CLANG_ANALYZER_NONNULL = YES;
				CLANG_ANALYZER_NUMBER_OBJECT_CONVERSION = YES_AGGRESSIVE;
				CLANG_CXX_LANGUAGE_STANDARD = "gnu++14";
				CLANG_CXX_LIBRARY = "libc++";
				CLANG_ENABLE_MODULES = YES;
				CLANG_ENABLE_OBJC_ARC = YES;
				CLANG_WARN_BLOCK_CAPTURE_AUTORELEASING = YES;
				CLANG_WARN_BOOL_CONVERSION = YES;
				CLANG_WARN_COMMA = YES;
				CLANG_WARN_CONSTANT_CONVERSION = YES;
				CLANG_WARN_DIRECT_OBJC_ISA_USAGE = YES_ERROR;
				CLANG_WARN_DOCUMENTATION_COMMENTS = YES;
				CLANG_WARN_EMPTY_BODY = YES;
				CLANG_WARN_ENUM_CONVERSION = YES;
				CLANG_WARN_INFINITE_RECURSION = YES;
				CLANG_WARN_INT_CONVERSION = YES;
				CLANG_WARN_NON_LITERAL_NULL_CONVERSION = YES;
				CLANG_WARN_OBJC_LITERAL_CONVERSION = YES;
				CLANG_WARN_OBJC_ROOT_CLASS = YES_ERROR;
				CLANG_WARN_RANGE_LOOP_ANALYSIS = YES;
				CLANG_WARN_STRICT_PROTOTYPES = YES;
				CLANG_WARN_SUSPICIOUS_MOVE = YES;
				CLANG_WARN_UNGUARDED_AVAILABILITY = YES_AGGRESSIVE;
				CLANG_WARN_UNREACHABLE_CODE = YES;
				CLANG_WARN__DUPLICATE_METHOD_MATCH = YES;
				CODE_SIGN_IDENTITY = "iPhone Developer";
				COPY_PHASE_STRIP = NO;
				DEBUG_INFORMATION_FORMAT = "dwarf-with-dsym";
				ENABLE_NS_ASSERTIONS = NO;
				ENABLE_STRICT_OBJC_MSGSEND = YES;
				GCC_C_LANGUAGE_STANDARD = gnu11;
				GCC_NO_COMMON_BLOCKS = YES;
				GCC_WARN_64_TO_32_BIT_CONVERSION = YES;
				GCC_WARN_ABOUT_RETURN_TYPE = YES_ERROR;
				GCC_WARN_UNDECLARED_SELECTOR = YES;
				GCC_WARN_UNINITIALIZED_AUTOS = YES_AGGRESSIVE;
				GCC_WARN_UNUSED_FUNCTION = YES;
				GCC_WARN_UNUSED_VARIABLE = YES;
				IPHONEOS_DEPLOYMENT_TARGET = 11.0;
				MTL_ENABLE_DEBUG_INFO = NO;
				SDKROOT = iphoneos;
				SWIFT_OPTIMIZATION_LEVEL = "-Owholemodule";
				VALIDATE_PRODUCT = YES;
			};
			name = Release;
		};
		FF929E6F1F90E1F5007C8670 /* Debug */ = {
			isa = XCBuildConfiguration;
			buildSettings = {
				ASSETCATALOG_COMPILER_APPICON_NAME = AppIcon;
				CODE_SIGN_STYLE = Automatic;
				DEVELOPMENT_TEAM = TW288GT5VE;
				INFOPLIST_FILE = MyFirstCoddingAPP/Info.plist;
				LD_RUNPATH_SEARCH_PATHS = "$(inherited) @executable_path/Frameworks";
				PRODUCT_BUNDLE_IDENTIFIER = iONE.MyFirstCoddingAPP;
				PRODUCT_NAME = "$(TARGET_NAME)";
				SWIFT_VERSION = 4.0;
				TARGETED_DEVICE_FAMILY = "1,2";
			};
			name = Debug;
		};
		FF929E701F90E1F5007C8670 /* Release */ = {
			isa = XCBuildConfiguration;
			buildSettings = {
				ASSETCATALOG_COMPILER_APPICON_NAME = AppIcon;
				CODE_SIGN_STYLE = Automatic;
				DEVELOPMENT_TEAM = TW288GT5VE;
				INFOPLIST_FILE = MyFirstCoddingAPP/Info.plist;
				LD_RUNPATH_SEARCH_PATHS = "$(inherited) @executable_path/Frameworks";
				PRODUCT_BUNDLE_IDENTIFIER = iONE.MyFirstCoddingAPP;
				PRODUCT_NAME = "$(TARGET_NAME)";
				SWIFT_VERSION = 4.0;
				TARGETED_DEVICE_FAMILY = "1,2";
			};
			name = Release;
		};
/* End XCBuildConfiguration section */

/* Begin XCConfigurationList section */
		FF929E571F90E1F4007C8670 /* Build configuration list for PBXProject "MyFirstCoddingAPP" */ = {
			isa = XCConfigurationList;
			buildConfigurations = (
				FF929E6C1F90E1F5007C8670 /* Debug */,
				FF929E6D1F90E1F5007C8670 /* Release */,
			);
			defaultConfigurationIsVisible = 0;
			defaultConfigurationName = Release;
		};
		FF929E6E1F90E1F5007C8670 /* Build configuration list for PBXNativeTarget "MyFirstCoddingAPP" */ = {
			isa = XCConfigurationList;
			buildConfigurations = (
				FF929E6F1F90E1F5007C8670 /* Debug */,
				FF929E701F90E1F5007C8670 /* Release */,
			);
			defaultConfigurationIsVisible = 0;
			defaultConfigurationName = Release;
		};
/* End XCConfigurationList section */
	};
	rootObject = FF929E541F90E1F4007C8670 /* Project object */;
}
